PODS:
  - AFNetworking (2.6.3):
    - AFNetworking/NSURLConnection (= 2.6.3)
    - AFNetworking/NSURLSession (= 2.6.3)
    - AFNetworking/Reachability (= 2.6.3)
    - AFNetworking/Security (= 2.6.3)
    - AFNetworking/Serialization (= 2.6.3)
    - AFNetworking/UIKit (= 2.6.3)
  - AFNetworking/NSURLConnection (2.6.3):
    - AFNetworking/Reachability
    - AFNetworking/Security
    - AFNetworking/Serialization
  - AFNetworking/NSURLSession (2.6.3):
    - AFNetworking/Reachability
    - AFNetworking/Security
    - AFNetworking/Serialization
  - AFNetworking/Reachability (2.6.3)
  - AFNetworking/Security (2.6.3)
  - AFNetworking/Serialization (2.6.3)
  - AFNetworking/UIKit (2.6.3):
    - AFNetworking/NSURLConnection
    - AFNetworking/NSURLSession
  - Crashlytics (3.7.0):
    - Fabric (~> 1.6.3)
  - EstimoteSDK (4.1.0)
  - Fabric (1.6.7)
  - RMMapper (1.1.5)
  - SDWebImage (3.7.3):
    - SDWebImage/Core (= 3.7.3)
  - SDWebImage/Core (3.7.3)
  - ZLSwipeableView (0.0.8)

DEPENDENCIES:
  - AFNetworking (~> 2.5)
  - Crashlytics
  - EstimoteSDK (~> 4.1.0)
  - Fabric
  - RMMapper (~> 1.1.5)
  - SDWebImage (~> 3.7.3)
  - ZLSwipeableView (= 0.0.8)

SPEC CHECKSUMS:
  AFNetworking: cb8d14a848e831097108418f5d49217339d4eb60
  Crashlytics: c3a2333dea9e2733d2777f730910321fc9e25c0d
  EstimoteSDK: d4ae7f9b7fafd26101d002fec786b6f674537357
  Fabric: caf7580c725e64db144f610ac65cd60956911dc7
  RMMapper: 21122d753c736d975f6c61e674afce8db73579af
  SDWebImage: 1d2b1a1efda1ade1b00b6f8498865f8ddedc8a84
  ZLSwipeableView: df385760ff4838935cdbcb62878ac5acd7355949

COCOAPODS: 0.39.0
