// !$*UTF8*$!
{
	archiveVersion = 1;
	classes = {
	};
	objectVersion = 46;
	objects = {

/* Begin PBXBuildFile section */
		AC583621209D3362E2CA5FA0 /* libPods-ChimpNoise.a in Frameworks */ = {isa = PBXBuildFile; fileRef = DE102E5F489E57BD7F8743BA /* libPods-ChimpNoise.a */; };
		BA0E04811BF2F2420087E586 /* Default.png in Resources */ = {isa = PBXBuildFile; fileRef = BA0E04801BF2F2420087E586 /* Default.png */; };
		BA1BE6161C3B1A140050FA6A /* ImageBeaconCardType.m in Sources */ = {isa = PBXBuildFile; fileRef = BA1BE6151C3B1A140050FA6A /* ImageBeaconCardType.m */; };
		BA1BE6191C3B1CA00050FA6A /* BeaconCardType.m in Sources */ = {isa = PBXBuildFile; fileRef = BA1BE6181C3B1CA00050FA6A /* BeaconCardType.m */; };
		BA1BE6201C3B1D8D0050FA6A /* UrlBeaconCardType.m in Sources */ = {isa = PBXBuildFile; fileRef = BA1BE61F1C3B1D8D0050FA6A /* UrlBeaconCardType.m */; };
		BA1BE6241C3B26700050FA6A /* TextBeaconCardType.m in Sources */ = {isa = PBXBuildFile; fileRef = BA1BE6231C3B26700050FA6A /* TextBeaconCardType.m */; };
		BA1F242F1BE6F7640095E185 /* CardView.m in Sources */ = {isa = PBXBuildFile; fileRef = BA1F242E1BE6F7640095E185 /* CardView.m */; };
		BA306DA01C11FB7E000B2949 /* TutorialCardView.m in Sources */ = {isa = PBXBuildFile; fileRef = BA306D9F1C11FB7E000B2949 /* TutorialCardView.m */; };
		BA306DB61C12791E000B2949 /* swipeRightTutorial.png in Resources */ = {isa = PBXBuildFile; fileRef = BA306DB41C12791E000B2949 /* swipeRightTutorial.png */; };
		BA306DB71C12791E000B2949 /* swipeLeftTutorial.png in Resources */ = {isa = PBXBuildFile; fileRef = BA306DB51C12791E000B2949 /* swipeLeftTutorial.png */; };
		BA6FCA4B1C15F88E006FD9FF /* pulseBackground.png in Resources */ = {isa = PBXBuildFile; fileRef = BA6FCA4A1C15F88E006FD9FF /* pulseBackground.png */; };
		BA7A26531C1342FE00361159 /* BeaconCardView.m in Sources */ = {isa = PBXBuildFile; fileRef = BA7A26521C1342FE00361159 /* BeaconCardView.m */; };
		BA86F4CB1C12A8870058CB9D /* placeholder.png in Resources */ = {isa = PBXBuildFile; fileRef = BA86F4CA1C12A8870058CB9D /* placeholder.png */; };
		BA86F4CD1C12A88E0058CB9D /* placeholderBlue.png in Resources */ = {isa = PBXBuildFile; fileRef = BA86F4CC1C12A88E0058CB9D /* placeholderBlue.png */; };
		BABC493E1BD2F8FD00DC26FC /* main.m in Sources */ = {isa = PBXBuildFile; fileRef = BABC493D1BD2F8FD00DC26FC /* main.m */; };
		BABC49411BD2F8FD00DC26FC /* AppDelegate.m in Sources */ = {isa = PBXBuildFile; fileRef = BABC49401BD2F8FD00DC26FC /* AppDelegate.m */; };
		BABC49441BD2F8FD00DC26FC /* FirstViewController.m in Sources */ = {isa = PBXBuildFile; fileRef = BABC49431BD2F8FD00DC26FC /* FirstViewController.m */; };
		BABC49471BD2F8FD00DC26FC /* SecondViewController.m in Sources */ = {isa = PBXBuildFile; fileRef = BABC49461BD2F8FD00DC26FC /* SecondViewController.m */; };
		BABC494A1BD2F8FD00DC26FC /* Main.storyboard in Resources */ = {isa = PBXBuildFile; fileRef = BABC49481BD2F8FD00DC26FC /* Main.storyboard */; };
		BABC494C1BD2F8FD00DC26FC /* Assets.xcassets in Resources */ = {isa = PBXBuildFile; fileRef = BABC494B1BD2F8FD00DC26FC /* Assets.xcassets */; };
		BABC494F1BD2F8FD00DC26FC /* LaunchScreen.storyboard in Resources */ = {isa = PBXBuildFile; fileRef = BABC494D1BD2F8FD00DC26FC /* LaunchScreen.storyboard */; };
		BABC49571BD2F90A00DC26FC /* CoreLocation.framework in Frameworks */ = {isa = PBXBuildFile; fileRef = BABC49561BD2F90A00DC26FC /* CoreLocation.framework */; };
		BAF9A4E61BE07BCC0058E1DA /* AYChimpnoise.m in Sources */ = {isa = PBXBuildFile; fileRef = BAF9A4E51BE07BCC0058E1DA /* AYChimpnoise.m */; };
		BAF9A4EA1BE082E70058E1DA /* AYBeacon.m in Sources */ = {isa = PBXBuildFile; fileRef = BAF9A4E91BE082E70058E1DA /* AYBeacon.m */; };
/* End PBXBuildFile section */

/* Begin PBXFileReference section */
		65C7C4B9558095D749DB4C33 /* Pods-ChimpNoise.release.xcconfig */ = {isa = PBXFileReference; includeInIndex = 1; lastKnownFileType = text.xcconfig; name = "Pods-ChimpNoise.release.xcconfig"; path = "Pods/Target Support Files/Pods-ChimpNoise/Pods-ChimpNoise.release.xcconfig"; sourceTree = "<group>"; };
		739B4993ACF5C629FD1ED4B3 /* Pods-ChimpNoise.debug.xcconfig */ = {isa = PBXFileReference; includeInIndex = 1; lastKnownFileType = text.xcconfig; name = "Pods-ChimpNoise.debug.xcconfig"; path = "Pods/Target Support Files/Pods-ChimpNoise/Pods-ChimpNoise.debug.xcconfig"; sourceTree = "<group>"; };
		BA0E04801BF2F2420087E586 /* Default.png */ = {isa = PBXFileReference; lastKnownFileType = image.png; path = Default.png; sourceTree = "<group>"; };
		BA1BE6141C3B1A140050FA6A /* ImageBeaconCardType.h */ = {isa = PBXFileReference; fileEncoding = 4; lastKnownFileType = sourcecode.c.h; path = ImageBeaconCardType.h; sourceTree = "<group>"; };
		BA1BE6151C3B1A140050FA6A /* ImageBeaconCardType.m */ = {isa = PBXFileReference; fileEncoding = 4; lastKnownFileType = sourcecode.c.objc; path = ImageBeaconCardType.m; sourceTree = "<group>"; };
		BA1BE6171C3B1CA00050FA6A /* BeaconCardType.h */ = {isa = PBXFileReference; fileEncoding = 4; lastKnownFileType = sourcecode.c.h; path = BeaconCardType.h; sourceTree = "<group>"; };
		BA1BE6181C3B1CA00050FA6A /* BeaconCardType.m */ = {isa = PBXFileReference; fileEncoding = 4; lastKnownFileType = sourcecode.c.objc; path = BeaconCardType.m; sourceTree = "<group>"; };
		BA1BE61E1C3B1D8D0050FA6A /* UrlBeaconCardType.h */ = {isa = PBXFileReference; fileEncoding = 4; lastKnownFileType = sourcecode.c.h; path = UrlBeaconCardType.h; sourceTree = "<group>"; };
		BA1BE61F1C3B1D8D0050FA6A /* UrlBeaconCardType.m */ = {isa = PBXFileReference; fileEncoding = 4; lastKnownFileType = sourcecode.c.objc; path = UrlBeaconCardType.m; sourceTree = "<group>"; };
		BA1BE6221C3B26700050FA6A /* TextBeaconCardType.h */ = {isa = PBXFileReference; fileEncoding = 4; lastKnownFileType = sourcecode.c.h; path = TextBeaconCardType.h; sourceTree = "<group>"; };
		BA1BE6231C3B26700050FA6A /* TextBeaconCardType.m */ = {isa = PBXFileReference; fileEncoding = 4; lastKnownFileType = sourcecode.c.objc; path = TextBeaconCardType.m; sourceTree = "<group>"; };
		BA1F242D1BE6F7640095E185 /* CardView.h */ = {isa = PBXFileReference; fileEncoding = 4; lastKnownFileType = sourcecode.c.h; path = CardView.h; sourceTree = "<group>"; };
		BA1F242E1BE6F7640095E185 /* CardView.m */ = {isa = PBXFileReference; fileEncoding = 4; lastKnownFileType = sourcecode.c.objc; path = CardView.m; sourceTree = "<group>"; };
		BA306D9E1C11FB7E000B2949 /* TutorialCardView.h */ = {isa = PBXFileReference; fileEncoding = 4; lastKnownFileType = sourcecode.c.h; path = TutorialCardView.h; sourceTree = "<group>"; };
		BA306D9F1C11FB7E000B2949 /* TutorialCardView.m */ = {isa = PBXFileReference; fileEncoding = 4; lastKnownFileType = sourcecode.c.objc; path = TutorialCardView.m; sourceTree = "<group>"; };
		BA306DB41C12791E000B2949 /* swipeRightTutorial.png */ = {isa = PBXFileReference; lastKnownFileType = image.png; path = swipeRightTutorial.png; sourceTree = "<group>"; };
		BA306DB51C12791E000B2949 /* swipeLeftTutorial.png */ = {isa = PBXFileReference; lastKnownFileType = image.png; path = swipeLeftTutorial.png; sourceTree = "<group>"; };
		BA6FCA4A1C15F88E006FD9FF /* pulseBackground.png */ = {isa = PBXFileReference; lastKnownFileType = image.png; path = pulseBackground.png; sourceTree = "<group>"; };
		BA7A26511C1342FE00361159 /* BeaconCardView.h */ = {isa = PBXFileReference; fileEncoding = 4; lastKnownFileType = sourcecode.c.h; path = BeaconCardView.h; sourceTree = "<group>"; };
		BA7A26521C1342FE00361159 /* BeaconCardView.m */ = {isa = PBXFileReference; fileEncoding = 4; lastKnownFileType = sourcecode.c.objc; path = BeaconCardView.m; sourceTree = "<group>"; };
		BA86F4CA1C12A8870058CB9D /* placeholder.png */ = {isa = PBXFileReference; lastKnownFileType = image.png; path = placeholder.png; sourceTree = "<group>"; };
		BA86F4CC1C12A88E0058CB9D /* placeholderBlue.png */ = {isa = PBXFileReference; lastKnownFileType = image.png; path = placeholderBlue.png; sourceTree = "<group>"; };
		BABC49391BD2F8FD00DC26FC /* ChimpNoise.app */ = {isa = PBXFileReference; explicitFileType = wrapper.application; includeInIndex = 0; path = ChimpNoise.app; sourceTree = BUILT_PRODUCTS_DIR; };
		BABC493D1BD2F8FD00DC26FC /* main.m */ = {isa = PBXFileReference; lastKnownFileType = sourcecode.c.objc; path = main.m; sourceTree = "<group>"; };
		BABC493F1BD2F8FD00DC26FC /* AppDelegate.h */ = {isa = PBXFileReference; lastKnownFileType = sourcecode.c.h; path = AppDelegate.h; sourceTree = "<group>"; };
		BABC49401BD2F8FD00DC26FC /* AppDelegate.m */ = {isa = PBXFileReference; lastKnownFileType = sourcecode.c.objc; path = AppDelegate.m; sourceTree = "<group>"; };
		BABC49421BD2F8FD00DC26FC /* FirstViewController.h */ = {isa = PBXFileReference; lastKnownFileType = sourcecode.c.h; path = FirstViewController.h; sourceTree = "<group>"; };
		BABC49431BD2F8FD00DC26FC /* FirstViewController.m */ = {isa = PBXFileReference; lastKnownFileType = sourcecode.c.objc; path = FirstViewController.m; sourceTree = "<group>"; };
		BABC49451BD2F8FD00DC26FC /* SecondViewController.h */ = {isa = PBXFileReference; lastKnownFileType = sourcecode.c.h; path = SecondViewController.h; sourceTree = "<group>"; };
		BABC49461BD2F8FD00DC26FC /* SecondViewController.m */ = {isa = PBXFileReference; lastKnownFileType = sourcecode.c.objc; path = SecondViewController.m; sourceTree = "<group>"; };
		BABC49491BD2F8FD00DC26FC /* Base */ = {isa = PBXFileReference; lastKnownFileType = file.storyboard; name = Base; path = Base.lproj/Main.storyboard; sourceTree = "<group>"; };
		BABC494B1BD2F8FD00DC26FC /* Assets.xcassets */ = {isa = PBXFileReference; lastKnownFileType = folder.assetcatalog; path = Assets.xcassets; sourceTree = "<group>"; };
		BABC494E1BD2F8FD00DC26FC /* Base */ = {isa = PBXFileReference; lastKnownFileType = file.storyboard; name = Base; path = Base.lproj/LaunchScreen.storyboard; sourceTree = "<group>"; };
		BABC49501BD2F8FD00DC26FC /* Info.plist */ = {isa = PBXFileReference; lastKnownFileType = text.plist.xml; path = Info.plist; sourceTree = "<group>"; };
		BABC49561BD2F90A00DC26FC /* CoreLocation.framework */ = {isa = PBXFileReference; lastKnownFileType = wrapper.framework; name = CoreLocation.framework; path = System/Library/Frameworks/CoreLocation.framework; sourceTree = SDKROOT; };
		BAF9A4E41BE07BCC0058E1DA /* AYChimpnoise.h */ = {isa = PBXFileReference; fileEncoding = 4; lastKnownFileType = sourcecode.c.h; name = AYChimpnoise.h; path = ../AYChimpnoise.h; sourceTree = "<group>"; };
		BAF9A4E51BE07BCC0058E1DA /* AYChimpnoise.m */ = {isa = PBXFileReference; fileEncoding = 4; lastKnownFileType = sourcecode.c.objc; name = AYChimpnoise.m; path = ../AYChimpnoise.m; sourceTree = "<group>"; };
		BAF9A4E81BE082E70058E1DA /* AYBeacon.h */ = {isa = PBXFileReference; fileEncoding = 4; lastKnownFileType = sourcecode.c.h; path = AYBeacon.h; sourceTree = "<group>"; };
		BAF9A4E91BE082E70058E1DA /* AYBeacon.m */ = {isa = PBXFileReference; fileEncoding = 4; lastKnownFileType = sourcecode.c.objc; path = AYBeacon.m; sourceTree = "<group>"; };
		DE102E5F489E57BD7F8743BA /* libPods-ChimpNoise.a */ = {isa = PBXFileReference; explicitFileType = archive.ar; includeInIndex = 0; path = "libPods-ChimpNoise.a"; sourceTree = BUILT_PRODUCTS_DIR; };
/* End PBXFileReference section */

/* Begin PBXFrameworksBuildPhase section */
		BABC49361BD2F8FD00DC26FC /* Frameworks */ = {
			isa = PBXFrameworksBuildPhase;
			buildActionMask = 2147483647;
			files = (
				BABC49571BD2F90A00DC26FC /* CoreLocation.framework in Frameworks */,
				AC583621209D3362E2CA5FA0 /* libPods-ChimpNoise.a in Frameworks */,
			);
			runOnlyForDeploymentPostprocessing = 0;
		};
/* End PBXFrameworksBuildPhase section */

/* Begin PBXGroup section */
		31E7A95867AD1AFB7B8A7BD7 /* Frameworks */ = {
			isa = PBXGroup;
			children = (
				DE102E5F489E57BD7F8743BA /* libPods-ChimpNoise.a */,
			);
			name = Frameworks;
			sourceTree = "<group>";
		};
		A0B9E8A9437EC690F963F7CF /* Pods */ = {
			isa = PBXGroup;
			children = (
				739B4993ACF5C629FD1ED4B3 /* Pods-ChimpNoise.debug.xcconfig */,
				65C7C4B9558095D749DB4C33 /* Pods-ChimpNoise.release.xcconfig */,
			);
			name = Pods;
			sourceTree = "<group>";
		};
		BA0E047F1BF2F17C0087E586 /* img */ = {
			isa = PBXGroup;
			children = (
				BA0E04801BF2F2420087E586 /* Default.png */,
				BA306DB41C12791E000B2949 /* swipeRightTutorial.png */,
				BA306DB51C12791E000B2949 /* swipeLeftTutorial.png */,
				BA86F4CA1C12A8870058CB9D /* placeholder.png */,
				BA86F4CC1C12A88E0058CB9D /* placeholderBlue.png */,
				BA6FCA4A1C15F88E006FD9FF /* pulseBackground.png */,
			);
			name = img;
			sourceTree = "<group>";
		};
		BA1BE61A1C3B1CED0050FA6A /* Cards */ = {
			isa = PBXGroup;
			children = (
				BA1F242D1BE6F7640095E185 /* CardView.h */,
				BA1F242E1BE6F7640095E185 /* CardView.m */,
				BA1BE61C1C3B1D090050FA6A /* Tutorials */,
				BA1BE61B1C3B1CFA0050FA6A /* Beacons */,
			);
			name = Cards;
			sourceTree = "<group>";
		};
		BA1BE61B1C3B1CFA0050FA6A /* Beacons */ = {
			isa = PBXGroup;
			children = (
				BA7A26511C1342FE00361159 /* BeaconCardView.h */,
				BA7A26521C1342FE00361159 /* BeaconCardView.m */,
				BA1BE61D1C3B1D1E0050FA6A /* Types */,
			);
			name = Beacons;
			sourceTree = "<group>";
		};
		BA1BE61C1C3B1D090050FA6A /* Tutorials */ = {
			isa = PBXGroup;
			children = (
				BA306D9E1C11FB7E000B2949 /* TutorialCardView.h */,
				BA306D9F1C11FB7E000B2949 /* TutorialCardView.m */,
			);
			name = Tutorials;
			sourceTree = "<group>";
		};
		BA1BE61D1C3B1D1E0050FA6A /* Types */ = {
			isa = PBXGroup;
			children = (
				BA1BE6171C3B1CA00050FA6A /* BeaconCardType.h */,
				BA1BE6181C3B1CA00050FA6A /* BeaconCardType.m */,
				BA1BE6141C3B1A140050FA6A /* ImageBeaconCardType.h */,
				BA1BE6151C3B1A140050FA6A /* ImageBeaconCardType.m */,
				BA1BE61E1C3B1D8D0050FA6A /* UrlBeaconCardType.h */,
				BA1BE61F1C3B1D8D0050FA6A /* UrlBeaconCardType.m */,
				BA1BE6221C3B26700050FA6A /* TextBeaconCardType.h */,
				BA1BE6231C3B26700050FA6A /* TextBeaconCardType.m */,
			);
			name = Types;
			sourceTree = "<group>";
		};
		BABC49301BD2F8FD00DC26FC = {
			isa = PBXGroup;
			children = (
				BABC49561BD2F90A00DC26FC /* CoreLocation.framework */,
				BABC493B1BD2F8FD00DC26FC /* ChimpNoise */,
				BABC493A1BD2F8FD00DC26FC /* Products */,
				A0B9E8A9437EC690F963F7CF /* Pods */,
				31E7A95867AD1AFB7B8A7BD7 /* Frameworks */,
			);
			sourceTree = "<group>";
		};
		BABC493A1BD2F8FD00DC26FC /* Products */ = {
			isa = PBXGroup;
			children = (
				BABC49391BD2F8FD00DC26FC /* ChimpNoise.app */,
			);
			name = Products;
			sourceTree = "<group>";
		};
		BABC493B1BD2F8FD00DC26FC /* ChimpNoise */ = {
			isa = PBXGroup;
			children = (
				BA0E047F1BF2F17C0087E586 /* img */,
				BABC493F1BD2F8FD00DC26FC /* AppDelegate.h */,
				BABC49401BD2F8FD00DC26FC /* AppDelegate.m */,
				BAF299411BEBED0200348B20 /* Controller */,
				BAF299401BEBECFA00348B20 /* View */,
				BAF9A4E71BE07BE30058E1DA /* Model */,
				BABC49501BD2F8FD00DC26FC /* Info.plist */,
				BABC493C1BD2F8FD00DC26FC /* Supporting Files */,
			);
			path = ChimpNoise;
			sourceTree = "<group>";
		};
		BABC493C1BD2F8FD00DC26FC /* Supporting Files */ = {
			isa = PBXGroup;
			children = (
				BABC493D1BD2F8FD00DC26FC /* main.m */,
			);
			name = "Supporting Files";
			sourceTree = "<group>";
		};
		BAF299401BEBECFA00348B20 /* View */ = {
			isa = PBXGroup;
			children = (
				BA1BE61A1C3B1CED0050FA6A /* Cards */,
				BABC49481BD2F8FD00DC26FC /* Main.storyboard */,
				BABC494D1BD2F8FD00DC26FC /* LaunchScreen.storyboard */,
			);
			name = View;
			sourceTree = "<group>";
		};
		BAF299411BEBED0200348B20 /* Controller */ = {
			isa = PBXGroup;
			children = (
				BABC49421BD2F8FD00DC26FC /* FirstViewController.h */,
				BABC49431BD2F8FD00DC26FC /* FirstViewController.m */,
				BABC49451BD2F8FD00DC26FC /* SecondViewController.h */,
				BABC49461BD2F8FD00DC26FC /* SecondViewController.m */,
			);
			name = Controller;
			sourceTree = "<group>";
		};
		BAF9A4E71BE07BE30058E1DA /* Model */ = {
			isa = PBXGroup;
			children = (
				BAF9A4E41BE07BCC0058E1DA /* AYChimpnoise.h */,
				BAF9A4E51BE07BCC0058E1DA /* AYChimpnoise.m */,
				BAF9A4E81BE082E70058E1DA /* AYBeacon.h */,
				BAF9A4E91BE082E70058E1DA /* AYBeacon.m */,
				BABC494B1BD2F8FD00DC26FC /* Assets.xcassets */,
			);
			name = Model;
			sourceTree = "<group>";
		};
/* End PBXGroup section */

/* Begin PBXNativeTarget section */
		BABC49381BD2F8FD00DC26FC /* ChimpNoise */ = {
			isa = PBXNativeTarget;
			buildConfigurationList = BABC49531BD2F8FD00DC26FC /* Build configuration list for PBXNativeTarget "ChimpNoise" */;
			buildPhases = (
				54195C117C2F2E8814C91F45 /* Check Pods Manifest.lock */,
				BABC49351BD2F8FD00DC26FC /* Sources */,
				BABC49361BD2F8FD00DC26FC /* Frameworks */,
				BABC49371BD2F8FD00DC26FC /* Resources */,
				CBBFE08C89A83AC5C1069806 /* Embed Pods Frameworks */,
				900FCF787F5EFF7CD468CFFB /* Copy Pods Resources */,
			);
			buildRules = (
			);
			dependencies = (
			);
			name = ChimpNoise;
			productName = ChimpNoise;
			productReference = BABC49391BD2F8FD00DC26FC /* ChimpNoise.app */;
			productType = "com.apple.product-type.application";
		};
/* End PBXNativeTarget section */

/* Begin PBXProject section */
		BABC49311BD2F8FD00DC26FC /* Project object */ = {
			isa = PBXProject;
			attributes = {
				LastUpgradeCheck = 0700;
				ORGANIZATIONNAME = "Andres Yepes";
				TargetAttributes = {
					BABC49381BD2F8FD00DC26FC = {
						CreatedOnToolsVersion = 7.0.1;
						DevelopmentTeam = 9BZ568JFC6;
					};
				};
			};
			buildConfigurationList = BABC49341BD2F8FD00DC26FC /* Build configuration list for PBXProject "ChimpNoise" */;
			compatibilityVersion = "Xcode 3.2";
			developmentRegion = English;
			hasScannedForEncodings = 0;
			knownRegions = (
				en,
				Base,
			);
			mainGroup = BABC49301BD2F8FD00DC26FC;
			productRefGroup = BABC493A1BD2F8FD00DC26FC /* Products */;
			projectDirPath = "";
			projectRoot = "";
			targets = (
				BABC49381BD2F8FD00DC26FC /* ChimpNoise */,
			);
		};
/* End PBXProject section */

/* Begin PBXResourcesBuildPhase section */
		BABC49371BD2F8FD00DC26FC /* Resources */ = {
			isa = PBXResourcesBuildPhase;
			buildActionMask = 2147483647;
			files = (
				BABC494F1BD2F8FD00DC26FC /* LaunchScreen.storyboard in Resources */,
				BA86F4CD1C12A88E0058CB9D /* placeholderBlue.png in Resources */,
				BA306DB71C12791E000B2949 /* swipeLeftTutorial.png in Resources */,
				BA306DB61C12791E000B2949 /* swipeRightTutorial.png in Resources */,
				BABC494C1BD2F8FD00DC26FC /* Assets.xcassets in Resources */,
				BA86F4CB1C12A8870058CB9D /* placeholder.png in Resources */,
				BABC494A1BD2F8FD00DC26FC /* Main.storyboard in Resources */,
				BA6FCA4B1C15F88E006FD9FF /* pulseBackground.png in Resources */,
				BA0E04811BF2F2420087E586 /* Default.png in Resources */,
			);
			runOnlyForDeploymentPostprocessing = 0;
		};
/* End PBXResourcesBuildPhase section */

/* Begin PBXShellScriptBuildPhase section */
		54195C117C2F2E8814C91F45 /* Check Pods Manifest.lock */ = {
			isa = PBXShellScriptBuildPhase;
			buildActionMask = 2147483647;
			files = (
			);
			inputPaths = (
			);
			name = "Check Pods Manifest.lock";
			outputPaths = (
			);
			runOnlyForDeploymentPostprocessing = 0;
			shellPath = /bin/sh;
			shellScript = "diff \"${PODS_ROOT}/../Podfile.lock\" \"${PODS_ROOT}/Manifest.lock\" > /dev/null\nif [[ $? != 0 ]] ; then\n    cat << EOM\nerror: The sandbox is not in sync with the Podfile.lock. Run 'pod install' or update your CocoaPods installation.\nEOM\n    exit 1\nfi\n";
			showEnvVarsInLog = 0;
		};
		900FCF787F5EFF7CD468CFFB /* Copy Pods Resources */ = {
			isa = PBXShellScriptBuildPhase;
			buildActionMask = 2147483647;
			files = (
			);
			inputPaths = (
			);
			name = "Copy Pods Resources";
			outputPaths = (
			);
			runOnlyForDeploymentPostprocessing = 0;
			shellPath = /bin/sh;
			shellScript = "\"${SRCROOT}/Pods/Target Support Files/Pods-ChimpNoise/Pods-ChimpNoise-resources.sh\"\n";
			showEnvVarsInLog = 0;
		};
		CBBFE08C89A83AC5C1069806 /* Embed Pods Frameworks */ = {
			isa = PBXShellScriptBuildPhase;
			buildActionMask = 2147483647;
			files = (
			);
			inputPaths = (
			);
			name = "Embed Pods Frameworks";
			outputPaths = (
			);
			runOnlyForDeploymentPostprocessing = 0;
			shellPath = /bin/sh;
			shellScript = "\"${SRCROOT}/Pods/Target Support Files/Pods-ChimpNoise/Pods-ChimpNoise-frameworks.sh\"\n";
			showEnvVarsInLog = 0;
		};
/* End PBXShellScriptBuildPhase section */

/* Begin PBXSourcesBuildPhase section */
		BABC49351BD2F8FD00DC26FC /* Sources */ = {
			isa = PBXSourcesBuildPhase;
			buildActionMask = 2147483647;
			files = (
				BA1BE6191C3B1CA00050FA6A /* BeaconCardType.m in Sources */,
				BAF9A4E61BE07BCC0058E1DA /* AYChimpnoise.m in Sources */,
				BABC49471BD2F8FD00DC26FC /* SecondViewController.m in Sources */,
				BA7A26531C1342FE00361159 /* BeaconCardView.m in Sources */,
				BABC49411BD2F8FD00DC26FC /* AppDelegate.m in Sources */,
				BAF9A4EA1BE082E70058E1DA /* AYBeacon.m in Sources */,
				BABC49441BD2F8FD00DC26FC /* FirstViewController.m in Sources */,
				BABC493E1BD2F8FD00DC26FC /* main.m in Sources */,
				BA1BE6161C3B1A140050FA6A /* ImageBeaconCardType.m in Sources */,
				BA1BE6201C3B1D8D0050FA6A /* UrlBeaconCardType.m in Sources */,
				BA306DA01C11FB7E000B2949 /* TutorialCardView.m in Sources */,
				BA1F242F1BE6F7640095E185 /* CardView.m in Sources */,
				BA1BE6241C3B26700050FA6A /* TextBeaconCardType.m in Sources */,
			);
			runOnlyForDeploymentPostprocessing = 0;
		};
/* End PBXSourcesBuildPhase section */

/* Begin PBXVariantGroup section */
		BABC49481BD2F8FD00DC26FC /* Main.storyboard */ = {
			isa = PBXVariantGroup;
			children = (
				BABC49491BD2F8FD00DC26FC /* Base */,
			);
			name = Main.storyboard;
			sourceTree = "<group>";
		};
		BABC494D1BD2F8FD00DC26FC /* LaunchScreen.storyboard */ = {
			isa = PBXVariantGroup;
			children = (
				BABC494E1BD2F8FD00DC26FC /* Base */,
			);
			name = LaunchScreen.storyboard;
			sourceTree = "<group>";
		};
/* End PBXVariantGroup section */

/* Begin XCBuildConfiguration section */
		BABC49511BD2F8FD00DC26FC /* Debug */ = {
			isa = XCBuildConfiguration;
			buildSettings = {
				ALWAYS_SEARCH_USER_PATHS = NO;
				CLANG_CXX_LANGUAGE_STANDARD = "gnu++0x";
				CLANG_CXX_LIBRARY = "libc++";
				CLANG_ENABLE_MODULES = YES;
				CLANG_ENABLE_OBJC_ARC = YES;
				CLANG_WARN_BOOL_CONVERSION = YES;
				CLANG_WARN_CONSTANT_CONVERSION = YES;
				CLANG_WARN_DIRECT_OBJC_ISA_USAGE = YES_ERROR;
				CLANG_WARN_EMPTY_BODY = YES;
				CLANG_WARN_ENUM_CONVERSION = YES;
				CLANG_WARN_INT_CONVERSION = YES;
				CLANG_WARN_OBJC_ROOT_CLASS = YES_ERROR;
				CLANG_WARN_UNREACHABLE_CODE = YES;
				CLANG_WARN__DUPLICATE_METHOD_MATCH = YES;
				"CODE_SIGN_IDENTITY[sdk=iphoneos*]" = "iPhone Developer";
				COPY_PHASE_STRIP = NO;
				DEBUG_INFORMATION_FORMAT = dwarf;
				ENABLE_STRICT_OBJC_MSGSEND = YES;
				ENABLE_TESTABILITY = YES;
				GCC_C_LANGUAGE_STANDARD = gnu99;
				GCC_DYNAMIC_NO_PIC = NO;
				GCC_NO_COMMON_BLOCKS = YES;
				GCC_OPTIMIZATION_LEVEL = 0;
				GCC_PREPROCESSOR_DEFINITIONS = (
					"DEBUG=1",
					"$(inherited)",
				);
				GCC_WARN_64_TO_32_BIT_CONVERSION = YES;
				GCC_WARN_ABOUT_RETURN_TYPE = YES_ERROR;
				GCC_WARN_UNDECLARED_SELECTOR = YES;
				GCC_WARN_UNINITIALIZED_AUTOS = YES_AGGRESSIVE;
				GCC_WARN_UNUSED_FUNCTION = YES;
				GCC_WARN_UNUSED_VARIABLE = YES;
				IPHONEOS_DEPLOYMENT_TARGET = 8.0;
				MTL_ENABLE_DEBUG_INFO = YES;
				ONLY_ACTIVE_ARCH = YES;
				SDKROOT = iphoneos;
			};
			name = Debug;
		};
		BABC49521BD2F8FD00DC26FC /* Release */ = {
			isa = XCBuildConfiguration;
			buildSettings = {
				ALWAYS_SEARCH_USER_PATHS = NO;
				CLANG_CXX_LANGUAGE_STANDARD = "gnu++0x";
				CLANG_CXX_LIBRARY = "libc++";
				CLANG_ENABLE_MODULES = YES;
				CLANG_ENABLE_OBJC_ARC = YES;
				CLANG_WARN_BOOL_CONVERSION = YES;
				CLANG_WARN_CONSTANT_CONVERSION = YES;
				CLANG_WARN_DIRECT_OBJC_ISA_USAGE = YES_ERROR;
				CLANG_WARN_EMPTY_BODY = YES;
				CLANG_WARN_ENUM_CONVERSION = YES;
				CLANG_WARN_INT_CONVERSION = YES;
				CLANG_WARN_OBJC_ROOT_CLASS = YES_ERROR;
				CLANG_WARN_UNREACHABLE_CODE = YES;
				CLANG_WARN__DUPLICATE_METHOD_MATCH = YES;
				"CODE_SIGN_IDENTITY[sdk=iphoneos*]" = "iPhone Developer";
				COPY_PHASE_STRIP = NO;
				DEBUG_INFORMATION_FORMAT = "dwarf-with-dsym";
				ENABLE_NS_ASSERTIONS = NO;
				ENABLE_STRICT_OBJC_MSGSEND = YES;
				GCC_C_LANGUAGE_STANDARD = gnu99;
				GCC_NO_COMMON_BLOCKS = YES;
				GCC_WARN_64_TO_32_BIT_CONVERSION = YES;
				GCC_WARN_ABOUT_RETURN_TYPE = YES_ERROR;
				GCC_WARN_UNDECLARED_SELECTOR = YES;
				GCC_WARN_UNINITIALIZED_AUTOS = YES_AGGRESSIVE;
				GCC_WARN_UNUSED_FUNCTION = YES;
				GCC_WARN_UNUSED_VARIABLE = YES;
				IPHONEOS_DEPLOYMENT_TARGET = 8.0;
				MTL_ENABLE_DEBUG_INFO = NO;
				SDKROOT = iphoneos;
				VALIDATE_PRODUCT = YES;
			};
			name = Release;
		};
		BABC49541BD2F8FD00DC26FC /* Debug */ = {
			isa = XCBuildConfiguration;
			baseConfigurationReference = 739B4993ACF5C629FD1ED4B3 /* Pods-ChimpNoise.debug.xcconfig */;
			buildSettings = {
				ASSETCATALOG_COMPILER_APPICON_NAME = AppIcon;
				CODE_SIGN_IDENTITY = "iPhone Developer";
				"CODE_SIGN_IDENTITY[sdk=iphoneos*]" = "iPhone Developer";
				INFOPLIST_FILE = ChimpNoise/Info.plist;
				IPHONEOS_DEPLOYMENT_TARGET = 8.0;
				LD_RUNPATH_SEARCH_PATHS = "$(inherited) @executable_path/Frameworks";
				PRODUCT_BUNDLE_IDENTIFIER = com.chimpnoise.ChimpNoise;
				PRODUCT_NAME = "$(TARGET_NAME)";
				PROVISIONING_PROFILE = "";
				TARGETED_DEVICE_FAMILY = "1,2";
			};
			name = Debug;
		};
		BABC49551BD2F8FD00DC26FC /* Release */ = {
			isa = XCBuildConfiguration;
			baseConfigurationReference = 65C7C4B9558095D749DB4C33 /* Pods-ChimpNoise.release.xcconfig */;
			buildSettings = {
				ASSETCATALOG_COMPILER_APPICON_NAME = AppIcon;
				CODE_SIGN_IDENTITY = "iPhone Developer";
				"CODE_SIGN_IDENTITY[sdk=iphoneos*]" = "iPhone Developer";
				INFOPLIST_FILE = ChimpNoise/Info.plist;
				IPHONEOS_DEPLOYMENT_TARGET = 8.0;
				LD_RUNPATH_SEARCH_PATHS = "$(inherited) @executable_path/Frameworks";
				PRODUCT_BUNDLE_IDENTIFIER = com.chimpnoise.ChimpNoise;
				PRODUCT_NAME = "$(TARGET_NAME)";
				PROVISIONING_PROFILE = "";
				TARGETED_DEVICE_FAMILY = "1,2";
			};
			name = Release;
		};
/* End XCBuildConfiguration section */

/* Begin XCConfigurationList section */
		BABC49341BD2F8FD00DC26FC /* Build configuration list for PBXProject "ChimpNoise" */ = {
			isa = XCConfigurationList;
			buildConfigurations = (
				BABC49511BD2F8FD00DC26FC /* Debug */,
				BABC49521BD2F8FD00DC26FC /* Release */,
			);
			defaultConfigurationIsVisible = 0;
			defaultConfigurationName = Release;
		};
		BABC49531BD2F8FD00DC26FC /* Build configuration list for PBXNativeTarget "ChimpNoise" */ = {
			isa = XCConfigurationList;
			buildConfigurations = (
				BABC49541BD2F8FD00DC26FC /* Debug */,
				BABC49551BD2F8FD00DC26FC /* Release */,
			);
			defaultConfigurationIsVisible = 0;
			defaultConfigurationName = Release;
		};
/* End XCConfigurationList section */
	};
	rootObject = BABC49311BD2F8FD00DC26FC /* Project object */;
}
