// !$*UTF8*$!
{
	archiveVersion = 1;
	classes = {
	};
	objectVersion = 46;
	objects = {

/* Begin PBXBuildFile section */
		41A1F4859F58BA16E9E7A730 /* libPods-ChimpNoise.a in Frameworks */ = {isa = PBXBuildFile; fileRef = 7735FAC13415AC6899BE5788 /* libPods-ChimpNoise.a */; };
		A0150D361CD165B4009786D3 /* CardsViewController.m in Sources */ = {isa = PBXBuildFile; fileRef = A0150D351CD165B4009786D3 /* CardsViewController.m */; };
		A0150D391CD17721009786D3 /* CardPageViewController.m in Sources */ = {isa = PBXBuildFile; fileRef = A0150D381CD17721009786D3 /* CardPageViewController.m */; };
		A022328A1CEAD066003161AC /* FavoritesViewController.m in Sources */ = {isa = PBXBuildFile; fileRef = A02232891CEAD066003161AC /* FavoritesViewController.m */; };
		A089AB891CDC03EE008B3DB6 /* EmptyCardViewController.m in Sources */ = {isa = PBXBuildFile; fileRef = A089AB881CDC03EE008B3DB6 /* EmptyCardViewController.m */; };
		A0E5801F1CD252D200A3C97A /* ImageCardViewController.m in Sources */ = {isa = PBXBuildFile; fileRef = A0E5801E1CD252D200A3C97A /* ImageCardViewController.m */; };
		A0E580221CD26F4800A3C97A /* UrlCardViewController.m in Sources */ = {isa = PBXBuildFile; fileRef = A0E580211CD26F4800A3C97A /* UrlCardViewController.m */; };
		A0E580251CD3FF5C00A3C97A /* BeaconListener.m in Sources */ = {isa = PBXBuildFile; fileRef = A0E580241CD3FF5C00A3C97A /* BeaconListener.m */; };
		A0E583BE1CD43C8600ECF64F /* CardDeck.m in Sources */ = {isa = PBXBuildFile; fileRef = A0E583BD1CD43C8600ECF64F /* CardDeck.m */; };
		A0E583C11CD4F26600ECF64F /* Card.m in Sources */ = {isa = PBXBuildFile; fileRef = A0E583C01CD4F26600ECF64F /* Card.m */; };
		A0EF5F371CE1414B0015F612 /* TextCardViewViewController.m in Sources */ = {isa = PBXBuildFile; fileRef = A0EF5F361CE1414B0015F612 /* TextCardViewViewController.m */; };
		BA0E04811BF2F2420087E586 /* Default.png in Resources */ = {isa = PBXBuildFile; fileRef = BA0E04801BF2F2420087E586 /* Default.png */; };
		BA306DB61C12791E000B2949 /* swipeRightTutorial.png in Resources */ = {isa = PBXBuildFile; fileRef = BA306DB41C12791E000B2949 /* swipeRightTutorial.png */; };
		BA306DB71C12791E000B2949 /* swipeLeftTutorial.png in Resources */ = {isa = PBXBuildFile; fileRef = BA306DB51C12791E000B2949 /* swipeLeftTutorial.png */; };
		BA6FCA4B1C15F88E006FD9FF /* pulseBackground.png in Resources */ = {isa = PBXBuildFile; fileRef = BA6FCA4A1C15F88E006FD9FF /* pulseBackground.png */; };
		BA86F4CB1C12A8870058CB9D /* placeholder.png in Resources */ = {isa = PBXBuildFile; fileRef = BA86F4CA1C12A8870058CB9D /* placeholder.png */; };
		BA86F4CD1C12A88E0058CB9D /* placeholderBlue.png in Resources */ = {isa = PBXBuildFile; fileRef = BA86F4CC1C12A88E0058CB9D /* placeholderBlue.png */; };
		BABC493E1BD2F8FD00DC26FC /* main.m in Sources */ = {isa = PBXBuildFile; fileRef = BABC493D1BD2F8FD00DC26FC /* main.m */; };
		BABC49411BD2F8FD00DC26FC /* AppDelegate.m in Sources */ = {isa = PBXBuildFile; fileRef = BABC49401BD2F8FD00DC26FC /* AppDelegate.m */; };
		BABC494A1BD2F8FD00DC26FC /* Main.storyboard in Resources */ = {isa = PBXBuildFile; fileRef = BABC49481BD2F8FD00DC26FC /* Main.storyboard */; };
		BABC494C1BD2F8FD00DC26FC /* Assets.xcassets in Resources */ = {isa = PBXBuildFile; fileRef = BABC494B1BD2F8FD00DC26FC /* Assets.xcassets */; };
		BABC494F1BD2F8FD00DC26FC /* LaunchScreen.storyboard in Resources */ = {isa = PBXBuildFile; fileRef = BABC494D1BD2F8FD00DC26FC /* LaunchScreen.storyboard */; };
		BABC49571BD2F90A00DC26FC /* CoreLocation.framework in Frameworks */ = {isa = PBXBuildFile; fileRef = BABC49561BD2F90A00DC26FC /* CoreLocation.framework */; };
/* End PBXBuildFile section */

/* Begin PBXFileReference section */
		7735FAC13415AC6899BE5788 /* libPods-ChimpNoise.a */ = {isa = PBXFileReference; explicitFileType = archive.ar; includeInIndex = 0; path = "libPods-ChimpNoise.a"; sourceTree = BUILT_PRODUCTS_DIR; };
		A0150D341CD165B4009786D3 /* CardsViewController.h */ = {isa = PBXFileReference; fileEncoding = 4; lastKnownFileType = sourcecode.c.h; path = CardsViewController.h; sourceTree = "<group>"; };
		A0150D351CD165B4009786D3 /* CardsViewController.m */ = {isa = PBXFileReference; fileEncoding = 4; lastKnownFileType = sourcecode.c.objc; path = CardsViewController.m; sourceTree = "<group>"; };
		A0150D371CD17721009786D3 /* CardPageViewController.h */ = {isa = PBXFileReference; fileEncoding = 4; lastKnownFileType = sourcecode.c.h; path = CardPageViewController.h; sourceTree = "<group>"; };
		A0150D381CD17721009786D3 /* CardPageViewController.m */ = {isa = PBXFileReference; fileEncoding = 4; lastKnownFileType = sourcecode.c.objc; path = CardPageViewController.m; sourceTree = "<group>"; };
		A02232881CEAD066003161AC /* FavoritesViewController.h */ = {isa = PBXFileReference; fileEncoding = 4; lastKnownFileType = sourcecode.c.h; path = FavoritesViewController.h; sourceTree = "<group>"; };
		A02232891CEAD066003161AC /* FavoritesViewController.m */ = {isa = PBXFileReference; fileEncoding = 4; lastKnownFileType = sourcecode.c.objc; path = FavoritesViewController.m; sourceTree = "<group>"; };
		A089AB871CDC03EE008B3DB6 /* EmptyCardViewController.h */ = {isa = PBXFileReference; fileEncoding = 4; lastKnownFileType = sourcecode.c.h; path = EmptyCardViewController.h; sourceTree = "<group>"; };
		A089AB881CDC03EE008B3DB6 /* EmptyCardViewController.m */ = {isa = PBXFileReference; fileEncoding = 4; lastKnownFileType = sourcecode.c.objc; path = EmptyCardViewController.m; sourceTree = "<group>"; };
		A0E5801D1CD252D200A3C97A /* ImageCardViewController.h */ = {isa = PBXFileReference; fileEncoding = 4; lastKnownFileType = sourcecode.c.h; path = ImageCardViewController.h; sourceTree = "<group>"; };
		A0E5801E1CD252D200A3C97A /* ImageCardViewController.m */ = {isa = PBXFileReference; fileEncoding = 4; lastKnownFileType = sourcecode.c.objc; path = ImageCardViewController.m; sourceTree = "<group>"; };
		A0E580201CD26F4800A3C97A /* UrlCardViewController.h */ = {isa = PBXFileReference; fileEncoding = 4; lastKnownFileType = sourcecode.c.h; path = UrlCardViewController.h; sourceTree = "<group>"; };
		A0E580211CD26F4800A3C97A /* UrlCardViewController.m */ = {isa = PBXFileReference; fileEncoding = 4; lastKnownFileType = sourcecode.c.objc; path = UrlCardViewController.m; sourceTree = "<group>"; };
		A0E580231CD3FF5C00A3C97A /* BeaconListener.h */ = {isa = PBXFileReference; fileEncoding = 4; lastKnownFileType = sourcecode.c.h; path = BeaconListener.h; sourceTree = "<group>"; };
		A0E580241CD3FF5C00A3C97A /* BeaconListener.m */ = {isa = PBXFileReference; fileEncoding = 4; lastKnownFileType = sourcecode.c.objc; path = BeaconListener.m; sourceTree = "<group>"; };
		A0E583BC1CD43C8600ECF64F /* CardDeck.h */ = {isa = PBXFileReference; fileEncoding = 4; lastKnownFileType = sourcecode.c.h; path = CardDeck.h; sourceTree = "<group>"; };
		A0E583BD1CD43C8600ECF64F /* CardDeck.m */ = {isa = PBXFileReference; fileEncoding = 4; lastKnownFileType = sourcecode.c.objc; path = CardDeck.m; sourceTree = "<group>"; };
		A0E583BF1CD4F26600ECF64F /* Card.h */ = {isa = PBXFileReference; fileEncoding = 4; lastKnownFileType = sourcecode.c.h; path = Card.h; sourceTree = "<group>"; };
		A0E583C01CD4F26600ECF64F /* Card.m */ = {isa = PBXFileReference; fileEncoding = 4; lastKnownFileType = sourcecode.c.objc; path = Card.m; sourceTree = "<group>"; };
		A0EF5F351CE1414B0015F612 /* TextCardViewViewController.h */ = {isa = PBXFileReference; fileEncoding = 4; lastKnownFileType = sourcecode.c.h; path = TextCardViewViewController.h; sourceTree = "<group>"; };
		A0EF5F361CE1414B0015F612 /* TextCardViewViewController.m */ = {isa = PBXFileReference; fileEncoding = 4; lastKnownFileType = sourcecode.c.objc; path = TextCardViewViewController.m; sourceTree = "<group>"; };
		A61C7B7FDB5F303037B2C2F3 /* Pods-ChimpNoise.release.xcconfig */ = {isa = PBXFileReference; includeInIndex = 1; lastKnownFileType = text.xcconfig; name = "Pods-ChimpNoise.release.xcconfig"; path = "Pods/Target Support Files/Pods-ChimpNoise/Pods-ChimpNoise.release.xcconfig"; sourceTree = "<group>"; };
		BA0E04801BF2F2420087E586 /* Default.png */ = {isa = PBXFileReference; lastKnownFileType = image.png; path = Default.png; sourceTree = "<group>"; };
		BA306DB41C12791E000B2949 /* swipeRightTutorial.png */ = {isa = PBXFileReference; lastKnownFileType = image.png; path = swipeRightTutorial.png; sourceTree = "<group>"; };
		BA306DB51C12791E000B2949 /* swipeLeftTutorial.png */ = {isa = PBXFileReference; lastKnownFileType = image.png; path = swipeLeftTutorial.png; sourceTree = "<group>"; };
		BA6FCA4A1C15F88E006FD9FF /* pulseBackground.png */ = {isa = PBXFileReference; lastKnownFileType = image.png; path = pulseBackground.png; sourceTree = "<group>"; };
		BA86F4CA1C12A8870058CB9D /* placeholder.png */ = {isa = PBXFileReference; lastKnownFileType = image.png; path = placeholder.png; sourceTree = "<group>"; };
		BA86F4CC1C12A88E0058CB9D /* placeholderBlue.png */ = {isa = PBXFileReference; lastKnownFileType = image.png; path = placeholderBlue.png; sourceTree = "<group>"; };
		BABC49391BD2F8FD00DC26FC /* ChimpNoise.app */ = {isa = PBXFileReference; explicitFileType = wrapper.application; includeInIndex = 0; path = ChimpNoise.app; sourceTree = BUILT_PRODUCTS_DIR; };
		BABC493D1BD2F8FD00DC26FC /* main.m */ = {isa = PBXFileReference; lastKnownFileType = sourcecode.c.objc; path = main.m; sourceTree = "<group>"; };
		BABC493F1BD2F8FD00DC26FC /* AppDelegate.h */ = {isa = PBXFileReference; lastKnownFileType = sourcecode.c.h; path = AppDelegate.h; sourceTree = "<group>"; };
		BABC49401BD2F8FD00DC26FC /* AppDelegate.m */ = {isa = PBXFileReference; lastKnownFileType = sourcecode.c.objc; path = AppDelegate.m; sourceTree = "<group>"; };
		BABC49491BD2F8FD00DC26FC /* Base */ = {isa = PBXFileReference; lastKnownFileType = file.storyboard; name = Base; path = Base.lproj/Main.storyboard; sourceTree = "<group>"; };
		BABC494B1BD2F8FD00DC26FC /* Assets.xcassets */ = {isa = PBXFileReference; lastKnownFileType = folder.assetcatalog; path = Assets.xcassets; sourceTree = "<group>"; };
		BABC494E1BD2F8FD00DC26FC /* Base */ = {isa = PBXFileReference; lastKnownFileType = file.storyboard; name = Base; path = Base.lproj/LaunchScreen.storyboard; sourceTree = "<group>"; };
		BABC49501BD2F8FD00DC26FC /* Info.plist */ = {isa = PBXFileReference; lastKnownFileType = text.plist.xml; path = Info.plist; sourceTree = "<group>"; };
		BABC49561BD2F90A00DC26FC /* CoreLocation.framework */ = {isa = PBXFileReference; lastKnownFileType = wrapper.framework; name = CoreLocation.framework; path = System/Library/Frameworks/CoreLocation.framework; sourceTree = SDKROOT; };
		E56139898D66D535DFB94540 /* Pods-ChimpNoise.debug.xcconfig */ = {isa = PBXFileReference; includeInIndex = 1; lastKnownFileType = text.xcconfig; name = "Pods-ChimpNoise.debug.xcconfig"; path = "Pods/Target Support Files/Pods-ChimpNoise/Pods-ChimpNoise.debug.xcconfig"; sourceTree = "<group>"; };
/* End PBXFileReference section */

/* Begin PBXFrameworksBuildPhase section */
		BABC49361BD2F8FD00DC26FC /* Frameworks */ = {
			isa = PBXFrameworksBuildPhase;
			buildActionMask = 2147483647;
			files = (
				BABC49571BD2F90A00DC26FC /* CoreLocation.framework in Frameworks */,
				41A1F4859F58BA16E9E7A730 /* libPods-ChimpNoise.a in Frameworks */,
			);
			runOnlyForDeploymentPostprocessing = 0;
		};
/* End PBXFrameworksBuildPhase section */

/* Begin PBXGroup section */
		2D40F39FC3323981BE816A6D /* Frameworks */ = {
			isa = PBXGroup;
			children = (
				7735FAC13415AC6899BE5788 /* libPods-ChimpNoise.a */,
			);
			name = Frameworks;
			sourceTree = "<group>";
		};
		8C5C54276DD0FD187BCA9238 /* Pods */ = {
			isa = PBXGroup;
			children = (
				E56139898D66D535DFB94540 /* Pods-ChimpNoise.debug.xcconfig */,
				A61C7B7FDB5F303037B2C2F3 /* Pods-ChimpNoise.release.xcconfig */,
			);
			name = Pods;
			sourceTree = "<group>";
		};
		A022328B1CEAD0B2003161AC /* Sonar */ = {
			isa = PBXGroup;
			children = (
				A0E580231CD3FF5C00A3C97A /* BeaconListener.h */,
				A0E580241CD3FF5C00A3C97A /* BeaconListener.m */,
				A0E583BC1CD43C8600ECF64F /* CardDeck.h */,
				A0E583BD1CD43C8600ECF64F /* CardDeck.m */,
				A0E583BF1CD4F26600ECF64F /* Card.h */,
				A0E583C01CD4F26600ECF64F /* Card.m */,
				A0150D341CD165B4009786D3 /* CardsViewController.h */,
				A0150D351CD165B4009786D3 /* CardsViewController.m */,
				A0150D371CD17721009786D3 /* CardPageViewController.h */,
				A0150D381CD17721009786D3 /* CardPageViewController.m */,
				A0E5801D1CD252D200A3C97A /* ImageCardViewController.h */,
				A0E5801E1CD252D200A3C97A /* ImageCardViewController.m */,
				A0E580201CD26F4800A3C97A /* UrlCardViewController.h */,
				A0E580211CD26F4800A3C97A /* UrlCardViewController.m */,
				A089AB871CDC03EE008B3DB6 /* EmptyCardViewController.h */,
				A089AB881CDC03EE008B3DB6 /* EmptyCardViewController.m */,
				A0EF5F351CE1414B0015F612 /* TextCardViewViewController.h */,
				A0EF5F361CE1414B0015F612 /* TextCardViewViewController.m */,
			);
			name = Sonar;
			sourceTree = "<group>";
		};
		A022328C1CEAD0DE003161AC /* Favorites */ = {
			isa = PBXGroup;
			children = (
				A02232881CEAD066003161AC /* FavoritesViewController.h */,
				A02232891CEAD066003161AC /* FavoritesViewController.m */,
			);
			name = Favorites;
			sourceTree = "<group>";
		};
		BA0E047F1BF2F17C0087E586 /* img */ = {
			isa = PBXGroup;
			children = (
				BA0E04801BF2F2420087E586 /* Default.png */,
				BA306DB51C12791E000B2949 /* swipeLeftTutorial.png */,
				BA306DB41C12791E000B2949 /* swipeRightTutorial.png */,
				BA86F4CA1C12A8870058CB9D /* placeholder.png */,
				BA86F4CC1C12A88E0058CB9D /* placeholderBlue.png */,
				BA6FCA4A1C15F88E006FD9FF /* pulseBackground.png */,
			);
			name = img;
			sourceTree = "<group>";
		};
		BABC49301BD2F8FD00DC26FC = {
			isa = PBXGroup;
			children = (
				BABC49561BD2F90A00DC26FC /* CoreLocation.framework */,
				BABC493B1BD2F8FD00DC26FC /* ChimpNoise */,
				BABC493A1BD2F8FD00DC26FC /* Products */,
				8C5C54276DD0FD187BCA9238 /* Pods */,
				2D40F39FC3323981BE816A6D /* Frameworks */,
			);
			sourceTree = "<group>";
		};
		BABC493A1BD2F8FD00DC26FC /* Products */ = {
			isa = PBXGroup;
			children = (
				BABC49391BD2F8FD00DC26FC /* ChimpNoise.app */,
			);
			name = Products;
			sourceTree = "<group>";
		};
		BABC493B1BD2F8FD00DC26FC /* ChimpNoise */ = {
			isa = PBXGroup;
			children = (
				BABC493F1BD2F8FD00DC26FC /* AppDelegate.h */,
				BABC49401BD2F8FD00DC26FC /* AppDelegate.m */,
				BABC49481BD2F8FD00DC26FC /* Main.storyboard */,
				A022328C1CEAD0DE003161AC /* Favorites */,
				A022328B1CEAD0B2003161AC /* Sonar */,
				BA0E047F1BF2F17C0087E586 /* img */,
				BABC49501BD2F8FD00DC26FC /* Info.plist */,
				BABC494D1BD2F8FD00DC26FC /* LaunchScreen.storyboard */,
				BABC494B1BD2F8FD00DC26FC /* Assets.xcassets */,
				BABC493C1BD2F8FD00DC26FC /* Supporting Files */,
			);
			path = ChimpNoise;
			sourceTree = "<group>";
		};
		BABC493C1BD2F8FD00DC26FC /* Supporting Files */ = {
			isa = PBXGroup;
			children = (
				BABC493D1BD2F8FD00DC26FC /* main.m */,
			);
			name = "Supporting Files";
			sourceTree = "<group>";
		};
/* End PBXGroup section */

/* Begin PBXNativeTarget section */
		BABC49381BD2F8FD00DC26FC /* ChimpNoise */ = {
			isa = PBXNativeTarget;
			buildConfigurationList = BABC49531BD2F8FD00DC26FC /* Build configuration list for PBXNativeTarget "ChimpNoise" */;
			buildPhases = (
				DF04648F52E7FA0DF55BB1C7 /* 📦 Check Pods Manifest.lock */,
				BABC49351BD2F8FD00DC26FC /* Sources */,
				BABC49361BD2F8FD00DC26FC /* Frameworks */,
				BABC49371BD2F8FD00DC26FC /* Resources */,
				A0E860B11CD79A500008D3DF /* ShellScript */,
				534137914C837454EFB9895C /* 📦 Embed Pods Frameworks */,
				7CDB69AC3851CA54927A82D4 /* 📦 Copy Pods Resources */,
			);
			buildRules = (
			);
			dependencies = (
			);
			name = ChimpNoise;
			productName = ChimpNoise;
			productReference = BABC49391BD2F8FD00DC26FC /* ChimpNoise.app */;
			productType = "com.apple.product-type.application";
		};
/* End PBXNativeTarget section */

/* Begin PBXProject section */
		BABC49311BD2F8FD00DC26FC /* Project object */ = {
			isa = PBXProject;
			attributes = {
				LastUpgradeCheck = 0700;
				ORGANIZATIONNAME = "Andres Yepes";
				TargetAttributes = {
					BABC49381BD2F8FD00DC26FC = {
						CreatedOnToolsVersion = 7.0.1;
						DevelopmentTeam = 9BZ568JFC6;
					};
				};
			};
			buildConfigurationList = BABC49341BD2F8FD00DC26FC /* Build configuration list for PBXProject "ChimpNoise" */;
			compatibilityVersion = "Xcode 3.2";
			developmentRegion = English;
			hasScannedForEncodings = 0;
			knownRegions = (
				en,
				Base,
			);
			mainGroup = BABC49301BD2F8FD00DC26FC;
			productRefGroup = BABC493A1BD2F8FD00DC26FC /* Products */;
			projectDirPath = "";
			projectRoot = "";
			targets = (
				BABC49381BD2F8FD00DC26FC /* ChimpNoise */,
			);
		};
/* End PBXProject section */

/* Begin PBXResourcesBuildPhase section */
		BABC49371BD2F8FD00DC26FC /* Resources */ = {
			isa = PBXResourcesBuildPhase;
			buildActionMask = 2147483647;
			files = (
				BABC494F1BD2F8FD00DC26FC /* LaunchScreen.storyboard in Resources */,
				BA86F4CD1C12A88E0058CB9D /* placeholderBlue.png in Resources */,
				BA306DB71C12791E000B2949 /* swipeLeftTutorial.png in Resources */,
				BA306DB61C12791E000B2949 /* swipeRightTutorial.png in Resources */,
				BABC494C1BD2F8FD00DC26FC /* Assets.xcassets in Resources */,
				BA86F4CB1C12A8870058CB9D /* placeholder.png in Resources */,
				BABC494A1BD2F8FD00DC26FC /* Main.storyboard in Resources */,
				BA6FCA4B1C15F88E006FD9FF /* pulseBackground.png in Resources */,
				BA0E04811BF2F2420087E586 /* Default.png in Resources */,
			);
			runOnlyForDeploymentPostprocessing = 0;
		};
/* End PBXResourcesBuildPhase section */

/* Begin PBXShellScriptBuildPhase section */
		534137914C837454EFB9895C /* 📦 Embed Pods Frameworks */ = {
			isa = PBXShellScriptBuildPhase;
			buildActionMask = 2147483647;
			files = (
			);
			inputPaths = (
			);
			name = "📦 Embed Pods Frameworks";
			outputPaths = (
			);
			runOnlyForDeploymentPostprocessing = 0;
			shellPath = /bin/sh;
			shellScript = "\"${SRCROOT}/Pods/Target Support Files/Pods-ChimpNoise/Pods-ChimpNoise-frameworks.sh\"\n";
			showEnvVarsInLog = 0;
		};
		7CDB69AC3851CA54927A82D4 /* 📦 Copy Pods Resources */ = {
			isa = PBXShellScriptBuildPhase;
			buildActionMask = 2147483647;
			files = (
			);
			inputPaths = (
			);
			name = "📦 Copy Pods Resources";
			outputPaths = (
			);
			runOnlyForDeploymentPostprocessing = 0;
			shellPath = /bin/sh;
			shellScript = "\"${SRCROOT}/Pods/Target Support Files/Pods-ChimpNoise/Pods-ChimpNoise-resources.sh\"\n";
			showEnvVarsInLog = 0;
		};
		A0E860B11CD79A500008D3DF /* ShellScript */ = {
			isa = PBXShellScriptBuildPhase;
			buildActionMask = 2147483647;
			files = (
			);
			inputPaths = (
			);
			outputPaths = (
			);
			runOnlyForDeploymentPostprocessing = 0;
			shellPath = /bin/sh;
			shellScript = "\"${PODS_ROOT}/Fabric/run\" 4fea3c8ada9bb093e4f420a53f214aadbf740372 feaf70dbeda3aec71df7410239c277b27b11a283183d15c7bde91016bd1f63de";
		};
		DF04648F52E7FA0DF55BB1C7 /* 📦 Check Pods Manifest.lock */ = {
			isa = PBXShellScriptBuildPhase;
			buildActionMask = 2147483647;
			files = (
			);
			inputPaths = (
			);
			name = "📦 Check Pods Manifest.lock";
			outputPaths = (
			);
			runOnlyForDeploymentPostprocessing = 0;
			shellPath = /bin/sh;
			shellScript = "diff \"${PODS_ROOT}/../Podfile.lock\" \"${PODS_ROOT}/Manifest.lock\" > /dev/null\nif [[ $? != 0 ]] ; then\n    cat << EOM\nerror: The sandbox is not in sync with the Podfile.lock. Run 'pod install' or update your CocoaPods installation.\nEOM\n    exit 1\nfi\n";
			showEnvVarsInLog = 0;
		};
/* End PBXShellScriptBuildPhase section */

/* Begin PBXSourcesBuildPhase section */
		BABC49351BD2F8FD00DC26FC /* Sources */ = {
			isa = PBXSourcesBuildPhase;
			buildActionMask = 2147483647;
			files = (
				A0E5801F1CD252D200A3C97A /* ImageCardViewController.m in Sources */,
				A089AB891CDC03EE008B3DB6 /* EmptyCardViewController.m in Sources */,
				A022328A1CEAD066003161AC /* FavoritesViewController.m in Sources */,
				A0E583BE1CD43C8600ECF64F /* CardDeck.m in Sources */,
				A0150D391CD17721009786D3 /* CardPageViewController.m in Sources */,
				BABC49411BD2F8FD00DC26FC /* AppDelegate.m in Sources */,
				A0E580251CD3FF5C00A3C97A /* BeaconListener.m in Sources */,
				BABC493E1BD2F8FD00DC26FC /* main.m in Sources */,
				A0E583C11CD4F26600ECF64F /* Card.m in Sources */,
				A0E580221CD26F4800A3C97A /* UrlCardViewController.m in Sources */,
				A0150D361CD165B4009786D3 /* CardsViewController.m in Sources */,
				A0EF5F371CE1414B0015F612 /* TextCardViewViewController.m in Sources */,
			);
			runOnlyForDeploymentPostprocessing = 0;
		};
/* End PBXSourcesBuildPhase section */

/* Begin PBXVariantGroup section */
		BABC49481BD2F8FD00DC26FC /* Main.storyboard */ = {
			isa = PBXVariantGroup;
			children = (
				BABC49491BD2F8FD00DC26FC /* Base */,
			);
			name = Main.storyboard;
			sourceTree = "<group>";
		};
		BABC494D1BD2F8FD00DC26FC /* LaunchScreen.storyboard */ = {
			isa = PBXVariantGroup;
			children = (
				BABC494E1BD2F8FD00DC26FC /* Base */,
			);
			name = LaunchScreen.storyboard;
			sourceTree = "<group>";
		};
/* End PBXVariantGroup section */

/* Begin XCBuildConfiguration section */
		BABC49511BD2F8FD00DC26FC /* Debug */ = {
			isa = XCBuildConfiguration;
			buildSettings = {
				ALWAYS_SEARCH_USER_PATHS = NO;
				CLANG_CXX_LANGUAGE_STANDARD = "gnu++0x";
				CLANG_CXX_LIBRARY = "libc++";
				CLANG_ENABLE_MODULES = YES;
				CLANG_ENABLE_OBJC_ARC = YES;
				CLANG_WARN_BOOL_CONVERSION = YES;
				CLANG_WARN_CONSTANT_CONVERSION = YES;
				CLANG_WARN_DIRECT_OBJC_ISA_USAGE = YES_ERROR;
				CLANG_WARN_EMPTY_BODY = YES;
				CLANG_WARN_ENUM_CONVERSION = YES;
				CLANG_WARN_INT_CONVERSION = YES;
				CLANG_WARN_OBJC_ROOT_CLASS = YES_ERROR;
				CLANG_WARN_UNREACHABLE_CODE = YES;
				CLANG_WARN__DUPLICATE_METHOD_MATCH = YES;
				"CODE_SIGN_IDENTITY[sdk=iphoneos*]" = "iPhone Developer";
				COPY_PHASE_STRIP = NO;
				DEBUG_INFORMATION_FORMAT = dwarf;
				ENABLE_STRICT_OBJC_MSGSEND = YES;
				ENABLE_TESTABILITY = YES;
				GCC_C_LANGUAGE_STANDARD = gnu99;
				GCC_DYNAMIC_NO_PIC = NO;
				GCC_NO_COMMON_BLOCKS = YES;
				GCC_OPTIMIZATION_LEVEL = 0;
				GCC_PREPROCESSOR_DEFINITIONS = (
					"DEBUG=1",
					"$(inherited)",
				);
				GCC_WARN_64_TO_32_BIT_CONVERSION = YES;
				GCC_WARN_ABOUT_RETURN_TYPE = YES_ERROR;
				GCC_WARN_UNDECLARED_SELECTOR = YES;
				GCC_WARN_UNINITIALIZED_AUTOS = YES_AGGRESSIVE;
				GCC_WARN_UNUSED_FUNCTION = YES;
				GCC_WARN_UNUSED_VARIABLE = YES;
				IPHONEOS_DEPLOYMENT_TARGET = 8.0;
				MTL_ENABLE_DEBUG_INFO = YES;
				ONLY_ACTIVE_ARCH = YES;
				SDKROOT = iphoneos;
			};
			name = Debug;
		};
		BABC49521BD2F8FD00DC26FC /* Release */ = {
			isa = XCBuildConfiguration;
			buildSettings = {
				ALWAYS_SEARCH_USER_PATHS = NO;
				CLANG_CXX_LANGUAGE_STANDARD = "gnu++0x";
				CLANG_CXX_LIBRARY = "libc++";
				CLANG_ENABLE_MODULES = YES;
				CLANG_ENABLE_OBJC_ARC = YES;
				CLANG_WARN_BOOL_CONVERSION = YES;
				CLANG_WARN_CONSTANT_CONVERSION = YES;
				CLANG_WARN_DIRECT_OBJC_ISA_USAGE = YES_ERROR;
				CLANG_WARN_EMPTY_BODY = YES;
				CLANG_WARN_ENUM_CONVERSION = YES;
				CLANG_WARN_INT_CONVERSION = YES;
				CLANG_WARN_OBJC_ROOT_CLASS = YES_ERROR;
				CLANG_WARN_UNREACHABLE_CODE = YES;
				CLANG_WARN__DUPLICATE_METHOD_MATCH = YES;
				"CODE_SIGN_IDENTITY[sdk=iphoneos*]" = "iPhone Developer";
				COPY_PHASE_STRIP = NO;
				DEBUG_INFORMATION_FORMAT = "dwarf-with-dsym";
				ENABLE_NS_ASSERTIONS = NO;
				ENABLE_STRICT_OBJC_MSGSEND = YES;
				GCC_C_LANGUAGE_STANDARD = gnu99;
				GCC_NO_COMMON_BLOCKS = YES;
				GCC_WARN_64_TO_32_BIT_CONVERSION = YES;
				GCC_WARN_ABOUT_RETURN_TYPE = YES_ERROR;
				GCC_WARN_UNDECLARED_SELECTOR = YES;
				GCC_WARN_UNINITIALIZED_AUTOS = YES_AGGRESSIVE;
				GCC_WARN_UNUSED_FUNCTION = YES;
				GCC_WARN_UNUSED_VARIABLE = YES;
				IPHONEOS_DEPLOYMENT_TARGET = 8.0;
				MTL_ENABLE_DEBUG_INFO = NO;
				SDKROOT = iphoneos;
				VALIDATE_PRODUCT = YES;
			};
			name = Release;
		};
		BABC49541BD2F8FD00DC26FC /* Debug */ = {
			isa = XCBuildConfiguration;
			baseConfigurationReference = E56139898D66D535DFB94540 /* Pods-ChimpNoise.debug.xcconfig */;
			buildSettings = {
				ASSETCATALOG_COMPILER_APPICON_NAME = AppIcon;
				CODE_SIGN_IDENTITY = "iPhone Developer";
				"CODE_SIGN_IDENTITY[sdk=iphoneos*]" = "iPhone Developer";
				DEBUG_INFORMATION_FORMAT = "dwarf-with-dsym";
				ENABLE_BITCODE = NO;
				INFOPLIST_FILE = ChimpNoise/Info.plist;
				IPHONEOS_DEPLOYMENT_TARGET = 8.0;
				LD_RUNPATH_SEARCH_PATHS = "$(inherited) @executable_path/Frameworks";
				PRODUCT_BUNDLE_IDENTIFIER = com.chimpnoise.ChimpNoise;
				PRODUCT_NAME = "$(TARGET_NAME)";
				PROVISIONING_PROFILE = "";
				TARGETED_DEVICE_FAMILY = 1;
			};
			name = Debug;
		};
		BABC49551BD2F8FD00DC26FC /* Release */ = {
			isa = XCBuildConfiguration;
			baseConfigurationReference = A61C7B7FDB5F303037B2C2F3 /* Pods-ChimpNoise.release.xcconfig */;
			buildSettings = {
				ASSETCATALOG_COMPILER_APPICON_NAME = AppIcon;
				CODE_SIGN_IDENTITY = "iPhone Developer";
				"CODE_SIGN_IDENTITY[sdk=iphoneos*]" = "iPhone Developer";
				ENABLE_BITCODE = NO;
				INFOPLIST_FILE = ChimpNoise/Info.plist;
				IPHONEOS_DEPLOYMENT_TARGET = 8.0;
				LD_RUNPATH_SEARCH_PATHS = "$(inherited) @executable_path/Frameworks";
				PRODUCT_BUNDLE_IDENTIFIER = com.chimpnoise.ChimpNoise;
				PRODUCT_NAME = "$(TARGET_NAME)";
				PROVISIONING_PROFILE = "";
				TARGETED_DEVICE_FAMILY = 1;
			};
			name = Release;
		};
/* End XCBuildConfiguration section */

/* Begin XCConfigurationList section */
		BABC49341BD2F8FD00DC26FC /* Build configuration list for PBXProject "ChimpNoise" */ = {
			isa = XCConfigurationList;
			buildConfigurations = (
				BABC49511BD2F8FD00DC26FC /* Debug */,
				BABC49521BD2F8FD00DC26FC /* Release */,
			);
			defaultConfigurationIsVisible = 0;
			defaultConfigurationName = Release;
		};
		BABC49531BD2F8FD00DC26FC /* Build configuration list for PBXNativeTarget "ChimpNoise" */ = {
			isa = XCConfigurationList;
			buildConfigurations = (
				BABC49541BD2F8FD00DC26FC /* Debug */,
				BABC49551BD2F8FD00DC26FC /* Release */,
			);
			defaultConfigurationIsVisible = 0;
			defaultConfigurationName = Release;
		};
/* End XCConfigurationList section */
	};
	rootObject = BABC49311BD2F8FD00DC26FC /* Project object */;
}
